<?xml version="1.0" encoding="utf-8"?>
<Project xmlns="http://schemas.microsoft.com/developer/msbuild/2003">
  <ItemGroup>
    <Filter Include="Form Files">
      <UniqueIdentifier>{99349809-55BA-4b9d-BF79-8FDBB0286EB3}</UniqueIdentifier>
      <Extensions>ui</Extensions>
      <ParseFiles>false</ParseFiles>
    </Filter>
    <Filter Include="Form Files">
      <UniqueIdentifier>{99349809-55BA-4b9d-BF79-8FDBB0286EB3}</UniqueIdentifier>
      <Extensions>ui</Extensions>
      <ParseFiles>false</ParseFiles>
    </Filter>
    <Filter Include="Generated Files">
      <UniqueIdentifier>{71ED8ED8-ACB9-4CE9-BBE1-E00B30144E11}</UniqueIdentifier>
      <Extensions>cpp;c;cxx;moc;h;def;odl;idl;res;</Extensions>
    </Filter>
    <Filter Include="Generated Files">
      <UniqueIdentifier>{71ED8ED8-ACB9-4CE9-BBE1-E00B30144E11}</UniqueIdentifier>
      <Extensions>cpp;c;cxx;moc;h;def;odl;idl;res;</Extensions>
    </Filter>
    <Filter Include="Header Files">
      <UniqueIdentifier>{93995380-89BD-4b04-88EB-625FBE52EBFB}</UniqueIdentifier>
      <Extensions>h;hpp;hxx;hm;inl;inc;xsd</Extensions>
    </Filter>
    <Filter Include="Header Files">
      <UniqueIdentifier>{93995380-89BD-4b04-88EB-625FBE52EBFB}</UniqueIdentifier>
      <Extensions>h;hpp;hxx;hm;inl;inc;xsd</Extensions>
    </Filter>
    <Filter Include="Resource Files">
      <UniqueIdentifier>{D9D6E242-F8AF-46E4-B9FD-80ECBC20BA3E}</UniqueIdentifier>
      <Extensions>qrc;*</Extensions>
      <ParseFiles>false</ParseFiles>
    </Filter>
    <Filter Include="Resource Files">
      <UniqueIdentifier>{D9D6E242-F8AF-46E4-B9FD-80ECBC20BA3E}</UniqueIdentifier>
      <Extensions>qrc;*</Extensions>
      <ParseFiles>false</ParseFiles>
    </Filter>
    <Filter Include="Source Files">
      <UniqueIdentifier>{4FC737F1-C7A5-4376-A066-2A32D752A2FF}</UniqueIdentifier>
      <Extensions>cpp;c;cxx;def;odl;idl;hpj;bat;asm;asmx</Extensions>
    </Filter>
    <Filter Include="Source Files">
      <UniqueIdentifier>{4FC737F1-C7A5-4376-A066-2A32D752A2FF}</UniqueIdentifier>
      <Extensions>cpp;c;cxx;def;odl;idl;hpj;bat;asm;asmx</Extensions>
    </Filter>
    <Filter Include="Distribution Files">
      <UniqueIdentifier>{B83CAF91-C7BF-462F-B76C-EA11631F866C}</UniqueIdentifier>
      <Extensions>*</Extensions>
      <ParseFiles>false</ParseFiles>
    </Filter>
    <Filter Include="Distribution Files">
      <UniqueIdentifier>{B83CAF91-C7BF-462F-B76C-EA11631F866C}</UniqueIdentifier>
      <Extensions>*</Extensions>
      <ParseFiles>false</ParseFiles>
    </Filter>
  </ItemGroup>
  <ItemGroup>
    <ClCompile Include="sound\filters\FastSmoothedAveragingFilter.cpp">
      <Filter>Source Files</Filter>
    </ClCompile>
    <ClCompile Include="sound\filters\FixedAveragingFilter.cpp">
      <Filter>Source Files</Filter>
    </ClCompile>
    <ClCompile Include="sound\filters\GrowingAveragingFilter.cpp">
      <Filter>Source Files</Filter>
    </ClCompile>
    <ClCompile Include="sound\filters\IIR_Filter.cpp">
      <Filter>Source Files</Filter>
    </ClCompile>
    <ClCompile Include="rtAudio\RtAudio.cpp">
      <Filter>Source Files</Filter>
    </ClCompile>
    <ClCompile Include="widgets\freq\amplitudewidget.cpp">
      <Filter>Source Files</Filter>
    </ClCompile>
    <ClCompile Include="widgets\freq\amplitudewidgetGL.cpp">
      <Filter>Source Files</Filter>
    </ClCompile>
    <ClCompile Include="sound\analysisdata.cpp">
      <Filter>Source Files</Filter>
    </ClCompile>
    <ClCompile Include="rtAudio\audio_stream.cpp">
      <Filter>Source Files</Filter>
    </ClCompile>
    <ClCompile Include="sound\audio_thread.cpp">
      <Filter>Source Files</Filter>
    </ClCompile>
    <ClCompile Include="general\bspline.cpp">
      <Filter>Source Files</Filter>
    </ClCompile>
    <ClCompile Include="widgets\cepstrum\cepstrumview.cpp">
      <Filter>Source Files</Filter>
    </ClCompile>
    <ClCompile Include="widgets\cepstrum\cepstrumwidget.cpp">
      <Filter>Source Files</Filter>
    </ClCompile>
    <ClCompile Include="sound\channel.cpp">
      <Filter>Source Files</Filter>
    </ClCompile>
    <ClCompile Include="cleanup.c">
      <Filter>Source Files</Filter>
    </ClCompile>
    <ClCompile Include="global\conversions.cpp">
      <Filter>Source Files</Filter>
    </ClCompile>
    <ClCompile Include="widgets\correlation\correlationview.cpp">
      <Filter>Source Files</Filter>
    </ClCompile>
    <ClCompile Include="widgets\correlation\correlationwidget.cpp">
      <Filter>Source Files</Filter>
    </ClCompile>
    <ClCompile Include="widgets\debugview\debugview.cpp">
      <Filter>Source Files</Filter>
    </ClCompile>
    <ClCompile Include="widgets\debugview\debugwidget.cpp">
      <Filter>Source Files</Filter>
    </ClCompile>
    <ClCompile Include="widgets\drawwidget.cpp">
      <Filter>Source Files</Filter>
    </ClCompile>
    <ClCompile Include="general\equalloudness.cpp">
      <Filter>Source Files</Filter>
    </ClCompile>
    <ClCompile Include="general\fast_smooth.cpp">
      <Filter>Source Files</Filter>
    </ClCompile>
    <ClCompile Include="widgets\fft\fftview.cpp">
      <Filter>Source Files</Filter>
    </ClCompile>
    <ClCompile Include="widgets\fft\fftwidget.cpp">
      <Filter>Source Files</Filter>
    </ClCompile>
    <ClCompile Include="widgets\freq\freqview.cpp">
      <Filter>Source Files</Filter>
    </ClCompile>
    <ClCompile Include="widgets\freq\freqviewGL.cpp">
      <Filter>Source Files</Filter>
    </ClCompile>
    <ClCompile Include="widgets\freq\freqwidget.cpp">
      <Filter>Source Files</Filter>
    </ClCompile>
    <ClCompile Include="widgets\freq\freqwidgetGL.cpp">
      <Filter>Source Files</Filter>
    </ClCompile>
    <ClCompile Include="global\gdata.cpp">
      <Filter>Source Files</Filter>
    </ClCompile>
    <ClCompile Include="widgets\hblock\hblockview.cpp">
      <Filter>Source Files</Filter>
    </ClCompile>
    <ClCompile Include="widgets\hblock\hblockwidget.cpp">
      <Filter>Source Files</Filter>
    </ClCompile>
    <ClCompile Include="widgets\hbubble\hbubbleview.cpp">
      <Filter>Source Files</Filter>
    </ClCompile>
    <ClCompile Include="widgets\hbubble\hbubblewidget.cpp">
      <Filter>Source Files</Filter>
    </ClCompile>
    <ClCompile Include="widgets\hcircle\hcircleview.cpp">
      <Filter>Source Files</Filter>
    </ClCompile>
    <ClCompile Include="widgets\hcircle\hcirclewidget.cpp">
      <Filter>Source Files</Filter>
    </ClCompile>
    <ClCompile Include="widgets\hstack\hstackview.cpp">
      <Filter>Source Files</Filter>
    </ClCompile>
    <ClCompile Include="widgets\hstack\hstackwidget.cpp">
      <Filter>Source Files</Filter>
    </ClCompile>
    <ClCompile Include="widgets\htrack\htrackview.cpp">
      <Filter>Source Files</Filter>
    </ClCompile>
    <ClCompile Include="widgets\htrack\htrackwidget.cpp">
      <Filter>Source Files</Filter>
    </ClCompile>
    <ClCompile Include="widgets\ledindicator.cpp">
      <Filter>Source Files</Filter>
    </ClCompile>
    <ClCompile Include="main.cpp">
      <Filter>Source Files</Filter>
    </ClCompile>
    <ClCompile Include="widgets\mainwindow\mainwindow.cpp">
      <Filter>Source Files</Filter>
    </ClCompile>
    <ClCompile Include="general\musicnotes.cpp">
      <Filter>Source Files</Filter>
    </ClCompile>
    <ClCompile Include="general\myalgo.cpp">
      <Filter>Source Files</Filter>
    </ClCompile>
    <ClCompile Include="general\myio.cpp">
      <Filter>Source Files</Filter>
    </ClCompile>
    <ClCompile Include="widgets\mylabel.cpp">
      <Filter>Source Files</Filter>
    </ClCompile>
    <ClCompile Include="general\mymatrix.cpp">
      <Filter>Source Files</Filter>
    </ClCompile>
    <ClCompile Include="general\myqt.cpp">
      <Filter>Source Files</Filter>
    </ClCompile>
    <ClCompile Include="widgets\myscrollbar.cpp">
      <Filter>Source Files</Filter>
    </ClCompile>
    <ClCompile Include="general\mystring.cpp">
      <Filter>Source Files</Filter>
    </ClCompile>
    <ClCompile Include="general\mytransforms.cpp">
      <Filter>Source Files</Filter>
    </ClCompile>
    <ClCompile Include="sound\notedata.cpp">
      <Filter>Source Files</Filter>
    </ClCompile>
    <ClCompile Include="sound\notesynth.cpp">
      <Filter>Source Files</Filter>
    </ClCompile>
    <ClCompile Include="dialogs\opendialog.cpp">
      <Filter>Source Files</Filter>
    </ClCompile>
    <ClCompile Include="widgets\openfiles\openfiles.cpp">
      <Filter>Source Files</Filter>
    </ClCompile>
    <ClCompile Include="widgets\htrack\piano3d.cpp">
      <Filter>Source Files</Filter>
    </ClCompile>
    <ClCompile Include="widgets\piano\pianoview.cpp">
      <Filter>Source Files</Filter>
    </ClCompile>
    <ClCompile Include="widgets\piano\pianowidget.cpp">
      <Filter>Source Files</Filter>
    </ClCompile>
    <ClCompile Include="widgets\pitchcompass\pitchcompassdrawwidget.cpp">
      <Filter>Source Files</Filter>
    </ClCompile>
    <ClCompile Include="widgets\pitchcompass\pitchcompassview.cpp">
      <Filter>Source Files</Filter>
    </ClCompile>
    <ClCompile Include="general\prony.cpp">
      <Filter>Source Files</Filter>
    </ClCompile>
    <ClCompile Include="dialogs\savedialog.cpp">
      <Filter>Source Files</Filter>
    </ClCompile>
    <ClCompile Include="widgets\score\scoresegmentiterator.cpp">
      <Filter>Source Files</Filter>
    </ClCompile>
    <ClCompile Include="widgets\score\scoreview.cpp">
      <Filter>Source Files</Filter>
    </ClCompile>
    <ClCompile Include="widgets\score\scorewidget.cpp">
      <Filter>Source Files</Filter>
    </ClCompile>
    <ClCompile Include="sound\sound_stream.cpp">
      <Filter>Source Files</Filter>
    </ClCompile>
    <ClCompile Include="sound\soundfile.cpp">
      <Filter>Source Files</Filter>
    </ClCompile>
    <ClCompile Include="widgets\summary\summarydrawwidget.cpp">
      <Filter>Source Files</Filter>
    </ClCompile>
    <ClCompile Include="widgets\summary\summaryview.cpp">
      <Filter>Source Files</Filter>
    </ClCompile>
    <ClCompile Include="dialogs\tartinisettingsdialog.cpp">
      <Filter>Source Files</Filter>
    </ClCompile>
    <ClCompile Include="widgets\timeaxis.cpp">
      <Filter>Source Files</Filter>
    </ClCompile>
    <ClCompile Include="widgets\tuner\tunerview.cpp">
      <Filter>Source Files</Filter>
    </ClCompile>
    <ClCompile Include="widgets\tuner\tunerviewGL.cpp">
      <Filter>Source Files</Filter>
    </ClCompile>
    <ClCompile Include="widgets\tuner\tunerwidget.cpp">
      <Filter>Source Files</Filter>
    </ClCompile>
    <ClCompile Include="widgets\tuner\tunerwidgetGL.cpp">
      <Filter>Source Files</Filter>
    </ClCompile>
    <ClCompile Include="general\useful.cpp">
      <Filter>Source Files</Filter>
    </ClCompile>
    <ClCompile Include="widgets\vibrato\vibratocirclewidget.cpp">
      <Filter>Source Files</Filter>
    </ClCompile>
    <ClCompile Include="widgets\vibrato\vibratocirclewidgetGL.cpp">
      <Filter>Source Files</Filter>
    </ClCompile>
    <ClCompile Include="widgets\vibrato\vibratoperiodwidget.cpp">
      <Filter>Source Files</Filter>
    </ClCompile>
    <ClCompile Include="widgets\vibrato\vibratoperiodwidgetGL.cpp">
      <Filter>Source Files</Filter>
    </ClCompile>
    <ClCompile Include="widgets\vibrato\vibratospeedwidget.cpp">
      <Filter>Source Files</Filter>
    </ClCompile>
    <ClCompile Include="widgets\vibrato\vibratospeedwidgetGL.cpp">
      <Filter>Source Files</Filter>
    </ClCompile>
    <ClCompile Include="widgets\vibrato\vibratotimeaxis.cpp">
      <Filter>Source Files</Filter>
    </ClCompile>
    <ClCompile Include="widgets\vibrato\vibratoview.cpp">
      <Filter>Source Files</Filter>
    </ClCompile>
    <ClCompile Include="widgets\vibrato\vibratoviewGL.cpp">
      <Filter>Source Files</Filter>
    </ClCompile>
    <ClCompile Include="widgets\vibrato\vibratowidget.cpp">
      <Filter>Source Files</Filter>
    </ClCompile>
    <ClCompile Include="widgets\vibrato\vibratowidgetGL.cpp">
      <Filter>Source Files</Filter>
    </ClCompile>
    <ClCompile Include="global\view.cpp">
      <Filter>Source Files</Filter>
    </ClCompile>
    <ClCompile Include="widgets\viewwidget.cpp">
      <Filter>Source Files</Filter>
    </ClCompile>
    <ClCompile Include="widgets\volumemeter\volumemeterview.cpp">
      <Filter>Source Files</Filter>
    </ClCompile>
    <ClCompile Include="widgets\volumemeter\volumemeterwidget.cpp">
      <Filter>Source Files</Filter>
    </ClCompile>
    <ClCompile Include="sound\wave_stream.cpp">
      <Filter>Source Files</Filter>
    </ClCompile>
    <ClCompile Include="widgets\wave\waveview.cpp">
      <Filter>Source Files</Filter>
    </ClCompile>
    <ClCompile Include="widgets\wave\wavewidget.cpp">
      <Filter>Source Files</Filter>
    </ClCompile>
    <ClCompile Include="sound\zoomlookup.cpp">
      <Filter>Source Files</Filter>
    </ClCompile>
  </ItemGroup>
  <ItemGroup>
    <ClInclude Include="sound\filters\FastSmoothedAveragingFilter.h">
      <Filter>Header Files</Filter>
    </ClInclude>
    <ClInclude Include="sound\filters\Filter.h">
      <Filter>Header Files</Filter>
    </ClInclude>
    <ClInclude Include="sound\filters\FixedAveragingFilter.h">
      <Filter>Header Files</Filter>
    </ClInclude>
    <ClInclude Include="sound\filters\GrowingAveragingFilter.h">
      <Filter>Header Files</Filter>
    </ClInclude>
    <ClInclude Include="sound\filters\IIR_Filter.h">
      <Filter>Header Files</Filter>
    </ClInclude>
    <ClInclude Include="include\RingBuffer.h">
      <Filter>Header Files</Filter>
    </ClInclude>
    <ClInclude Include="rtAudio\RtAudio.h">
      <Filter>Header Files</Filter>
    </ClInclude>
    <ClInclude Include="rtAudio\RtError.h">
      <Filter>Header Files</Filter>
    </ClInclude>
    <ClInclude Include="include\SmartPtr.h">
      <Filter>Header Files</Filter>
    </ClInclude>
    <CustomBuild Include="widgets\freq\amplitudewidget.h">
      <Filter>Header Files</Filter>
    </CustomBuild>
    <CustomBuild Include="widgets\freq\amplitudewidgetGL.h">
      <Filter>Header Files</Filter>
    </CustomBuild>
    <ClInclude Include="sound\analysisdata.h">
      <Filter>Header Files</Filter>
    </ClInclude>
    <ClInclude Include="include\array1d.h">
      <Filter>Header Files</Filter>
    </ClInclude>
    <ClInclude Include="include\array2d.h">
      <Filter>Header Files</Filter>
    </ClInclude>
    <ClInclude Include="rtAudio\audio_stream.h">
      <Filter>Header Files</Filter>
    </ClInclude>
    <ClInclude Include="sound\audio_thread.h">
      <Filter>Header Files</Filter>
    </ClInclude>
    <ClInclude Include="general\bspline.h">
      <Filter>Header Files</Filter>
    </ClInclude>
    <CustomBuild Include="widgets\cepstrum\cepstrumview.h">
      <Filter>Header Files</Filter>
    </CustomBuild>
    <CustomBuild Include="widgets\cepstrum\cepstrumwidget.h">
      <Filter>Header Files</Filter>
    </CustomBuild>
    <ClInclude Include="sound\channel.h">
      <Filter>Header Files</Filter>
    </ClInclude>
    <ClInclude Include="global\conversions.h">
      <Filter>Header Files</Filter>
    </ClInclude>
    <CustomBuild Include="widgets\correlation\correlationview.h">
      <Filter>Header Files</Filter>
    </CustomBuild>
    <CustomBuild Include="widgets\correlation\correlationwidget.h">
      <Filter>Header Files</Filter>
    </CustomBuild>
    <CustomBuild Include="widgets\debugview\debugview.h">
      <Filter>Header Files</Filter>
    </CustomBuild>
    <CustomBuild Include="widgets\debugview\debugwidget.h">
      <Filter>Header Files</Filter>
    </CustomBuild>
    <CustomBuild Include="widgets\drawwidget.h">
      <Filter>Header Files</Filter>
    </CustomBuild>
    <ClInclude Include="general\equalloudness.h">
      <Filter>Header Files</Filter>
    </ClInclude>
    <ClInclude Include="general\fast_smooth.h">
      <Filter>Header Files</Filter>
    </ClInclude>
    <CustomBuild Include="widgets\fft\fftview.h">
      <Filter>Header Files</Filter>
    </CustomBuild>
    <CustomBuild Include="widgets\fft\fftwidget.h">
      <Filter>Header Files</Filter>
    </CustomBuild>
    <ClInclude Include="include\freqpair.h">
      <Filter>Header Files</Filter>
    </ClInclude>
    <CustomBuild Include="widgets\freq\freqview.h">
      <Filter>Header Files</Filter>
    </CustomBuild>
    <CustomBuild Include="widgets\freq\freqviewGL.h">
      <Filter>Header Files</Filter>
    </CustomBuild>
    <CustomBuild Include="widgets\freq\freqwidget.h">
      <Filter>Header Files</Filter>
    </CustomBuild>
    <CustomBuild Include="widgets\freq\freqwidgetGL.h">
      <Filter>Header Files</Filter>
    </CustomBuild>
    <CustomBuild Include="global\gdata.h">
      <Filter>Header Files</Filter>
    </CustomBuild>
    <CustomBuild Include="widgets\hblock\hblockview.h">
      <Filter>Header Files</Filter>
    </CustomBuild>
    <CustomBuild Include="widgets\hblock\hblockwidget.h">
      <Filter>Header Files</Filter>
    </CustomBuild>
    <CustomBuild Include="widgets\hbubble\hbubbleview.h">
      <Filter>Header Files</Filter>
    </CustomBuild>
    <CustomBuild Include="widgets\hbubble\hbubblewidget.h">
      <Filter>Header Files</Filter>
    </CustomBuild>
    <CustomBuild Include="widgets\hcircle\hcircleview.h">
      <Filter>Header Files</Filter>
    </CustomBuild>
    <CustomBuild Include="widgets\hcircle\hcirclewidget.h">
      <Filter>Header Files</Filter>
    </CustomBuild>
    <CustomBuild Include="widgets\hstack\hstackview.h">
      <Filter>Header Files</Filter>
    </CustomBuild>
    <CustomBuild Include="widgets\hstack\hstackwidget.h">
      <Filter>Header Files</Filter>
    </CustomBuild>
    <CustomBuild Include="widgets\htrack\htrackview.h">
      <Filter>Header Files</Filter>
    </CustomBuild>
    <CustomBuild Include="widgets\htrack\htrackwidget.h">
      <Filter>Header Files</Filter>
    </CustomBuild>
    <ClInclude Include="general\large_vector.h">
      <Filter>Header Files</Filter>
    </ClInclude>
    <CustomBuild Include="widgets\ledindicator.h">
      <Filter>Header Files</Filter>
    </CustomBuild>
    <ClInclude Include="main.h">
      <Filter>Header Files</Filter>
    </ClInclude>
    <CustomBuild Include="widgets\mainwindow\mainwindow.h">
      <Filter>Header Files</Filter>
    </CustomBuild>
    <ClInclude Include="general\musicnotes.h">
      <Filter>Header Files</Filter>
    </ClInclude>
    <ClInclude Include="general\myalgo.h">
      <Filter>Header Files</Filter>
    </ClInclude>
    <ClInclude Include="include\myassert.h">
      <Filter>Header Files</Filter>
    </ClInclude>
    <ClInclude Include="general\mygl.h">
      <Filter>Header Files</Filter>
    </ClInclude>
    <ClInclude Include="general\myio.h">
      <Filter>Header Files</Filter>
    </ClInclude>
    <ClInclude Include="widgets\mylabel.h">
      <Filter>Header Files</Filter>
    </ClInclude>
    <ClInclude Include="general\mymatrix.h">
      <Filter>Header Files</Filter>
    </ClInclude>
    <ClInclude Include="include\myqmutex.h">
      <Filter>Header Files</Filter>
    </ClInclude>
    <ClInclude Include="general\myqt.h">
      <Filter>Header Files</Filter>
    </ClInclude>
    <CustomBuild Include="widgets\myscrollbar.h">
      <Filter>Header Files</Filter>
    </CustomBuild>
    <ClInclude Include="general\mystring.h">
      <Filter>Header Files</Filter>
    </ClInclude>
    <ClInclude Include="general\mytransforms.h">
      <Filter>Header Files</Filter>
    </ClInclude>
    <ClInclude Include="sound\notedata.h">
      <Filter>Header Files</Filter>
    </ClInclude>
    <ClInclude Include="sound\notesynth.h">
      <Filter>Header Files</Filter>
    </ClInclude>
    <ClInclude Include="dialogs\opendialog.h">
      <Filter>Header Files</Filter>
    </ClInclude>
    <CustomBuild Include="widgets\openfiles\openfiles.h">
      <Filter>Header Files</Filter>
    </CustomBuild>
    <ClInclude Include="widgets\htrack\piano3d.h">
      <Filter>Header Files</Filter>
    </ClInclude>
    <CustomBuild Include="widgets\piano\pianoview.h">
      <Filter>Header Files</Filter>
    </CustomBuild>
    <ClInclude Include="widgets\piano\pianowidget.h">
      <Filter>Header Files</Filter>
    </ClInclude>
    <CustomBuild Include="widgets\pitchcompass\pitchcompassdrawwidget.h">
      <Filter>Header Files</Filter>
    </CustomBuild>
    <CustomBuild Include="widgets\pitchcompass\pitchcompassview.h">
      <Filter>Header Files</Filter>
    </CustomBuild>
    <ClInclude Include="general\prony.h">
      <Filter>Header Files</Filter>
    </ClInclude>
    <ClInclude Include="include\safe_bool.h">
      <Filter>Header Files</Filter>
    </ClInclude>
    <ClInclude Include="dialogs\savedialog.h">
      <Filter>Header Files</Filter>
    </ClInclude>
    <ClInclude Include="widgets\score\scoresegmentiterator.h">
      <Filter>Header Files</Filter>
    </ClInclude>
    <CustomBuild Include="widgets\score\scoreview.h">
      <Filter>Header Files</Filter>
    </CustomBuild>
    <CustomBuild Include="widgets\score\scorewidget.h">
      <Filter>Header Files</Filter>
    </CustomBuild>
    <ClInclude Include="include\shader.h">
      <Filter>Header Files</Filter>
    </ClInclude>
    <ClInclude Include="sound\sound_file_stream.h">
      <Filter>Header Files</Filter>
    </ClInclude>
    <ClInclude Include="sound\sound_stream.h">
      <Filter>Header Files</Filter>
    </ClInclude>
    <ClInclude Include="sound\soundfile.h">
      <Filter>Header Files</Filter>
    </ClInclude>
    <CustomBuild Include="widgets\summary\summarydrawwidget.h">
      <Filter>Header Files</Filter>
    </CustomBuild>
    <CustomBuild Include="widgets\summary\summaryview.h">
      <Filter>Header Files</Filter>
    </CustomBuild>
    <CustomBuild Include="dialogs\tartinisettingsdialog.h">
      <Filter>Header Files</Filter>
    </CustomBuild>
    <CustomBuild Include="widgets\timeaxis.h">
      <Filter>Header Files</Filter>
    </CustomBuild>
    <CustomBuild Include="widgets\tuner\tunerview.h">
      <Filter>Header Files</Filter>
    </CustomBuild>
    <CustomBuild Include="widgets\tuner\tunerviewGL.h">
      <Filter>Header Files</Filter>
    </CustomBuild>
    <CustomBuild Include="widgets\tuner\tunerwidget.h">
      <Filter>Header Files</Filter>
    </CustomBuild>
    <CustomBuild Include="widgets\tuner\tunerwidgetGL.h">
      <Filter>Header Files</Filter>
    </CustomBuild>
    <ClInclude Include="general\useful.h">
      <Filter>Header Files</Filter>
    </ClInclude>
    <CustomBuild Include="widgets\vibrato\vibratocirclewidget.h">
      <Filter>Header Files</Filter>
    </CustomBuild>
    <CustomBuild Include="widgets\vibrato\vibratocirclewidgetGL.h">
      <Filter>Header Files</Filter>
    </CustomBuild>
    <CustomBuild Include="widgets\vibrato\vibratoperiodwidget.h">
      <Filter>Header Files</Filter>
    </CustomBuild>
    <CustomBuild Include="widgets\vibrato\vibratoperiodwidgetGL.h">
      <Filter>Header Files</Filter>
    </CustomBuild>
    <CustomBuild Include="widgets\vibrato\vibratospeedwidget.h">
      <Filter>Header Files</Filter>
    </CustomBuild>
    <CustomBuild Include="widgets\vibrato\vibratospeedwidgetGL.h">
      <Filter>Header Files</Filter>
    </CustomBuild>
    <CustomBuild Include="widgets\vibrato\vibratotimeaxis.h">
      <Filter>Header Files</Filter>
    </CustomBuild>
    <CustomBuild Include="widgets\vibrato\vibratoview.h">
      <Filter>Header Files</Filter>
    </CustomBuild>
    <CustomBuild Include="widgets\vibrato\vibratoviewGL.h">
      <Filter>Header Files</Filter>
    </CustomBuild>
    <CustomBuild Include="widgets\vibrato\vibratowidget.h">
      <Filter>Header Files</Filter>
    </CustomBuild>
    <CustomBuild Include="widgets\vibrato\vibratowidgetGL.h">
      <Filter>Header Files</Filter>
    </CustomBuild>
    <CustomBuild Include="global\view.h">
      <Filter>Header Files</Filter>
    </CustomBuild>
    <CustomBuild Include="widgets\viewwidget.h">
      <Filter>Header Files</Filter>
    </CustomBuild>
    <CustomBuild Include="widgets\volumemeter\volumemeterview.h">
      <Filter>Header Files</Filter>
    </CustomBuild>
    <CustomBuild Include="widgets\volumemeter\volumemeterwidget.h">
      <Filter>Header Files</Filter>
    </CustomBuild>
    <ClInclude Include="sound\wave_stream.h">
      <Filter>Header Files</Filter>
    </ClInclude>
    <CustomBuild Include="widgets\wave\waveview.h">
      <Filter>Header Files</Filter>
    </CustomBuild>
    <CustomBuild Include="widgets\wave\wavewidget.h">
      <Filter>Header Files</Filter>
    </CustomBuild>
    <ClInclude Include="sound\zoomlookup.h">
      <Filter>Header Files</Filter>
    </ClInclude>
  </ItemGroup>
  <ItemGroup>
    <ClCompile Include="debug\moc_amplitudewidget.cpp">
      <Filter>Generated Files</Filter>
    </ClCompile>
    <ClCompile Include="release\moc_amplitudewidget.cpp">
      <Filter>Generated Files</Filter>
    </ClCompile>
    <ClCompile Include="debug\moc_amplitudewidgetGL.cpp">
      <Filter>Generated Files</Filter>
    </ClCompile>
    <ClCompile Include="release\moc_amplitudewidgetGL.cpp">
      <Filter>Generated Files</Filter>
    </ClCompile>
    <ClCompile Include="debug\moc_cepstrumview.cpp">
      <Filter>Generated Files</Filter>
    </ClCompile>
    <ClCompile Include="release\moc_cepstrumview.cpp">
      <Filter>Generated Files</Filter>
    </ClCompile>
    <ClCompile Include="debug\moc_cepstrumwidget.cpp">
      <Filter>Generated Files</Filter>
    </ClCompile>
    <ClCompile Include="release\moc_cepstrumwidget.cpp">
      <Filter>Generated Files</Filter>
    </ClCompile>
    <ClCompile Include="debug\moc_correlationview.cpp">
      <Filter>Generated Files</Filter>
    </ClCompile>
    <ClCompile Include="release\moc_correlationview.cpp">
      <Filter>Generated Files</Filter>
    </ClCompile>
    <ClCompile Include="debug\moc_correlationwidget.cpp">
      <Filter>Generated Files</Filter>
    </ClCompile>
    <ClCompile Include="release\moc_correlationwidget.cpp">
      <Filter>Generated Files</Filter>
    </ClCompile>
    <ClCompile Include="debug\moc_debugview.cpp">
      <Filter>Generated Files</Filter>
    </ClCompile>
    <ClCompile Include="release\moc_debugview.cpp">
      <Filter>Generated Files</Filter>
    </ClCompile>
    <ClCompile Include="debug\moc_debugwidget.cpp">
      <Filter>Generated Files</Filter>
    </ClCompile>
    <ClCompile Include="release\moc_debugwidget.cpp">
      <Filter>Generated Files</Filter>
    </ClCompile>
    <ClCompile Include="debug\moc_drawwidget.cpp">
      <Filter>Generated Files</Filter>
    </ClCompile>
    <ClCompile Include="release\moc_drawwidget.cpp">
      <Filter>Generated Files</Filter>
    </ClCompile>
    <ClCompile Include="debug\moc_fftview.cpp">
      <Filter>Generated Files</Filter>
    </ClCompile>
    <ClCompile Include="release\moc_fftview.cpp">
      <Filter>Generated Files</Filter>
    </ClCompile>
    <ClCompile Include="debug\moc_fftwidget.cpp">
      <Filter>Generated Files</Filter>
    </ClCompile>
    <ClCompile Include="release\moc_fftwidget.cpp">
      <Filter>Generated Files</Filter>
    </ClCompile>
    <ClCompile Include="debug\moc_freqview.cpp">
      <Filter>Generated Files</Filter>
    </ClCompile>
    <ClCompile Include="release\moc_freqview.cpp">
      <Filter>Generated Files</Filter>
    </ClCompile>
    <ClCompile Include="debug\moc_freqviewGL.cpp">
      <Filter>Generated Files</Filter>
    </ClCompile>
    <ClCompile Include="release\moc_freqviewGL.cpp">
      <Filter>Generated Files</Filter>
    </ClCompile>
    <ClCompile Include="debug\moc_freqwidget.cpp">
      <Filter>Generated Files</Filter>
    </ClCompile>
    <ClCompile Include="release\moc_freqwidget.cpp">
      <Filter>Generated Files</Filter>
    </ClCompile>
    <ClCompile Include="debug\moc_freqwidgetGL.cpp">
      <Filter>Generated Files</Filter>
    </ClCompile>
    <ClCompile Include="release\moc_freqwidgetGL.cpp">
      <Filter>Generated Files</Filter>
    </ClCompile>
    <ClCompile Include="debug\moc_gdata.cpp">
      <Filter>Generated Files</Filter>
    </ClCompile>
    <ClCompile Include="release\moc_gdata.cpp">
      <Filter>Generated Files</Filter>
    </ClCompile>
    <ClCompile Include="debug\moc_hblockview.cpp">
      <Filter>Generated Files</Filter>
    </ClCompile>
    <ClCompile Include="release\moc_hblockview.cpp">
      <Filter>Generated Files</Filter>
    </ClCompile>
    <ClCompile Include="debug\moc_hblockwidget.cpp">
      <Filter>Generated Files</Filter>
    </ClCompile>
    <ClCompile Include="release\moc_hblockwidget.cpp">
      <Filter>Generated Files</Filter>
    </ClCompile>
    <ClCompile Include="debug\moc_hbubbleview.cpp">
      <Filter>Generated Files</Filter>
    </ClCompile>
    <ClCompile Include="release\moc_hbubbleview.cpp">
      <Filter>Generated Files</Filter>
    </ClCompile>
    <ClCompile Include="debug\moc_hbubblewidget.cpp">
      <Filter>Generated Files</Filter>
    </ClCompile>
    <ClCompile Include="release\moc_hbubblewidget.cpp">
      <Filter>Generated Files</Filter>
    </ClCompile>
    <ClCompile Include="debug\moc_hcircleview.cpp">
      <Filter>Generated Files</Filter>
    </ClCompile>
    <ClCompile Include="release\moc_hcircleview.cpp">
      <Filter>Generated Files</Filter>
    </ClCompile>
    <ClCompile Include="debug\moc_hcirclewidget.cpp">
      <Filter>Generated Files</Filter>
    </ClCompile>
    <ClCompile Include="release\moc_hcirclewidget.cpp">
      <Filter>Generated Files</Filter>
    </ClCompile>
    <ClCompile Include="debug\moc_hstackview.cpp">
      <Filter>Generated Files</Filter>
    </ClCompile>
    <ClCompile Include="release\moc_hstackview.cpp">
      <Filter>Generated Files</Filter>
    </ClCompile>
    <ClCompile Include="debug\moc_hstackwidget.cpp">
      <Filter>Generated Files</Filter>
    </ClCompile>
    <ClCompile Include="release\moc_hstackwidget.cpp">
      <Filter>Generated Files</Filter>
    </ClCompile>
    <ClCompile Include="debug\moc_htrackview.cpp">
      <Filter>Generated Files</Filter>
    </ClCompile>
    <ClCompile Include="release\moc_htrackview.cpp">
      <Filter>Generated Files</Filter>
    </ClCompile>
    <ClCompile Include="debug\moc_htrackwidget.cpp">
      <Filter>Generated Files</Filter>
    </ClCompile>
    <ClCompile Include="release\moc_htrackwidget.cpp">
      <Filter>Generated Files</Filter>
    </ClCompile>
    <ClCompile Include="debug\moc_ledindicator.cpp">
      <Filter>Generated Files</Filter>
    </ClCompile>
    <ClCompile Include="release\moc_ledindicator.cpp">
      <Filter>Generated Files</Filter>
    </ClCompile>
    <ClCompile Include="debug\moc_mainwindow.cpp">
      <Filter>Generated Files</Filter>
    </ClCompile>
    <ClCompile Include="release\moc_mainwindow.cpp">
      <Filter>Generated Files</Filter>
    </ClCompile>
    <ClCompile Include="debug\moc_myscrollbar.cpp">
      <Filter>Generated Files</Filter>
    </ClCompile>
    <ClCompile Include="release\moc_myscrollbar.cpp">
      <Filter>Generated Files</Filter>
    </ClCompile>
    <ClCompile Include="debug\moc_openfiles.cpp">
      <Filter>Generated Files</Filter>
    </ClCompile>
    <ClCompile Include="release\moc_openfiles.cpp">
      <Filter>Generated Files</Filter>
    </ClCompile>
    <ClCompile Include="debug\moc_pianoview.cpp">
      <Filter>Generated Files</Filter>
    </ClCompile>
    <ClCompile Include="release\moc_pianoview.cpp">
      <Filter>Generated Files</Filter>
    </ClCompile>
    <ClCompile Include="debug\moc_pitchcompassdrawwidget.cpp">
      <Filter>Generated Files</Filter>
    </ClCompile>
    <ClCompile Include="release\moc_pitchcompassdrawwidget.cpp">
      <Filter>Generated Files</Filter>
    </ClCompile>
    <ClCompile Include="debug\moc_pitchcompassview.cpp">
      <Filter>Generated Files</Filter>
    </ClCompile>
    <ClCompile Include="release\moc_pitchcompassview.cpp">
      <Filter>Generated Files</Filter>
    </ClCompile>
    <CustomBuild Include="debug\moc_predefs.h.cbt">
      <Filter>Generated Files</Filter>
    </CustomBuild>
    <CustomBuild Include="release\moc_predefs.h.cbt">
      <Filter>Generated Files</Filter>
    </CustomBuild>
    <ClCompile Include="debug\moc_scoreview.cpp">
      <Filter>Generated Files</Filter>
    </ClCompile>
    <ClCompile Include="release\moc_scoreview.cpp">
      <Filter>Generated Files</Filter>
    </ClCompile>
    <ClCompile Include="debug\moc_scorewidget.cpp">
      <Filter>Generated Files</Filter>
    </ClCompile>
    <ClCompile Include="release\moc_scorewidget.cpp">
      <Filter>Generated Files</Filter>
    </ClCompile>
    <ClCompile Include="debug\moc_summarydrawwidget.cpp">
      <Filter>Generated Files</Filter>
    </ClCompile>
    <ClCompile Include="release\moc_summarydrawwidget.cpp">
      <Filter>Generated Files</Filter>
    </ClCompile>
    <ClCompile Include="debug\moc_summaryview.cpp">
      <Filter>Generated Files</Filter>
    </ClCompile>
    <ClCompile Include="release\moc_summaryview.cpp">
      <Filter>Generated Files</Filter>
    </ClCompile>
    <ClCompile Include="debug\moc_tartinisettingsdialog.cpp">
      <Filter>Generated Files</Filter>
    </ClCompile>
    <ClCompile Include="release\moc_tartinisettingsdialog.cpp">
      <Filter>Generated Files</Filter>
    </ClCompile>
    <ClCompile Include="debug\moc_timeaxis.cpp">
      <Filter>Generated Files</Filter>
    </ClCompile>
    <ClCompile Include="release\moc_timeaxis.cpp">
      <Filter>Generated Files</Filter>
    </ClCompile>
    <ClCompile Include="debug\moc_tunerview.cpp">
      <Filter>Generated Files</Filter>
    </ClCompile>
    <ClCompile Include="release\moc_tunerview.cpp">
      <Filter>Generated Files</Filter>
    </ClCompile>
    <ClCompile Include="debug\moc_tunerviewGL.cpp">
      <Filter>Generated Files</Filter>
    </ClCompile>
    <ClCompile Include="release\moc_tunerviewGL.cpp">
      <Filter>Generated Files</Filter>
    </ClCompile>
    <ClCompile Include="debug\moc_tunerwidget.cpp">
      <Filter>Generated Files</Filter>
    </ClCompile>
    <ClCompile Include="release\moc_tunerwidget.cpp">
      <Filter>Generated Files</Filter>
    </ClCompile>
    <ClCompile Include="debug\moc_tunerwidgetGL.cpp">
      <Filter>Generated Files</Filter>
    </ClCompile>
    <ClCompile Include="release\moc_tunerwidgetGL.cpp">
      <Filter>Generated Files</Filter>
    </ClCompile>
    <ClCompile Include="debug\moc_vibratocirclewidget.cpp">
      <Filter>Generated Files</Filter>
    </ClCompile>
    <ClCompile Include="release\moc_vibratocirclewidget.cpp">
      <Filter>Generated Files</Filter>
    </ClCompile>
    <ClCompile Include="debug\moc_vibratocirclewidgetGL.cpp">
      <Filter>Generated Files</Filter>
    </ClCompile>
    <ClCompile Include="release\moc_vibratocirclewidgetGL.cpp">
      <Filter>Generated Files</Filter>
    </ClCompile>
    <ClCompile Include="debug\moc_vibratoperiodwidget.cpp">
      <Filter>Generated Files</Filter>
    </ClCompile>
    <ClCompile Include="release\moc_vibratoperiodwidget.cpp">
      <Filter>Generated Files</Filter>
    </ClCompile>
    <ClCompile Include="debug\moc_vibratoperiodwidgetGL.cpp">
      <Filter>Generated Files</Filter>
    </ClCompile>
    <ClCompile Include="release\moc_vibratoperiodwidgetGL.cpp">
      <Filter>Generated Files</Filter>
    </ClCompile>
    <ClCompile Include="debug\moc_vibratospeedwidget.cpp">
      <Filter>Generated Files</Filter>
    </ClCompile>
    <ClCompile Include="release\moc_vibratospeedwidget.cpp">
      <Filter>Generated Files</Filter>
    </ClCompile>
    <ClCompile Include="debug\moc_vibratospeedwidgetGL.cpp">
      <Filter>Generated Files</Filter>
    </ClCompile>
    <ClCompile Include="release\moc_vibratospeedwidgetGL.cpp">
      <Filter>Generated Files</Filter>
    </ClCompile>
    <ClCompile Include="debug\moc_vibratotimeaxis.cpp">
      <Filter>Generated Files</Filter>
    </ClCompile>
    <ClCompile Include="release\moc_vibratotimeaxis.cpp">
      <Filter>Generated Files</Filter>
    </ClCompile>
    <ClCompile Include="debug\moc_vibratoview.cpp">
      <Filter>Generated Files</Filter>
    </ClCompile>
    <ClCompile Include="release\moc_vibratoview.cpp">
      <Filter>Generated Files</Filter>
    </ClCompile>
    <ClCompile Include="debug\moc_vibratoviewGL.cpp">
      <Filter>Generated Files</Filter>
    </ClCompile>
    <ClCompile Include="release\moc_vibratoviewGL.cpp">
      <Filter>Generated Files</Filter>
    </ClCompile>
    <ClCompile Include="debug\moc_vibratowidget.cpp">
      <Filter>Generated Files</Filter>
    </ClCompile>
    <ClCompile Include="release\moc_vibratowidget.cpp">
      <Filter>Generated Files</Filter>
    </ClCompile>
    <ClCompile Include="debug\moc_vibratowidgetGL.cpp">
      <Filter>Generated Files</Filter>
    </ClCompile>
    <ClCompile Include="release\moc_vibratowidgetGL.cpp">
      <Filter>Generated Files</Filter>
    </ClCompile>
    <ClCompile Include="debug\moc_view.cpp">
      <Filter>Generated Files</Filter>
    </ClCompile>
    <ClCompile Include="release\moc_view.cpp">
      <Filter>Generated Files</Filter>
    </ClCompile>
    <ClCompile Include="debug\moc_viewwidget.cpp">
      <Filter>Generated Files</Filter>
    </ClCompile>
    <ClCompile Include="release\moc_viewwidget.cpp">
      <Filter>Generated Files</Filter>
    </ClCompile>
    <ClCompile Include="debug\moc_volumemeterview.cpp">
      <Filter>Generated Files</Filter>
    </ClCompile>
    <ClCompile Include="release\moc_volumemeterview.cpp">
      <Filter>Generated Files</Filter>
    </ClCompile>
    <ClCompile Include="debug\moc_volumemeterwidget.cpp">
      <Filter>Generated Files</Filter>
    </ClCompile>
    <ClCompile Include="release\moc_volumemeterwidget.cpp">
      <Filter>Generated Files</Filter>
    </ClCompile>
    <ClCompile Include="debug\moc_waveview.cpp">
      <Filter>Generated Files</Filter>
    </ClCompile>
    <ClCompile Include="release\moc_waveview.cpp">
      <Filter>Generated Files</Filter>
    </ClCompile>
    <ClCompile Include="debug\moc_wavewidget.cpp">
      <Filter>Generated Files</Filter>
    </ClCompile>
    <ClCompile Include="release\moc_wavewidget.cpp">
      <Filter>Generated Files</Filter>
    </ClCompile>
    <ClCompile Include="debug\qrc_pitch.cpp">
      <Filter>Generated Files</Filter>
    </ClCompile>
    <ClCompile Include="release\qrc_pitch.cpp">
      <Filter>Generated Files</Filter>
    </ClCompile>
    <ClCompile Include="D:\Users\dws\src\Tartini\tartini1.3.0\tartini_plugin_import.cpp">
      <Filter>Generated Files</Filter>
    </ClCompile>
    <ClInclude Include="dialogs\ui_settingsdialog.h">
      <Filter>Generated Files</Filter>
    </ClInclude>
  </ItemGroup>
  <ItemGroup>
    <CustomBuild Include="dialogs\settingsdialog.ui">
      <Filter>Form Files</Filter>
    </CustomBuild>
  </ItemGroup>
  <ItemGroup>
    <None Include="LICENSE.txt">
      <Filter>Resource Files</Filter>
    </None>
    <None Include="camera.vs.glsl">
      <Filter>Resource Files</Filter>
    </None>
    <None Include="color.fs.glsl">
      <Filter>Resource Files</Filter>
    </None>
    <None Include="color.vs.glsl">
      <Filter>Resource Files</Filter>
    </None>
    <None Include="line.fs.glsl">
      <Filter>Resource Files</Filter>
    </None>
    <None Include="line.gs.glsl">
      <Filter>Resource Files</Filter>
    </None>
    <None Include="line.vs.glsl">
      <Filter>Resource Files</Filter>
    </None>
    <CustomBuild Include="pitch.qrc">
      <Filter>Resource Files</Filter>
    </CustomBuild>
    <None Include="shader.fs.glsl">
      <Filter>Resource Files</Filter>
    </None>
    <None Include="shader.gs.glsl">
      <Filter>Resource Files</Filter>
    </None>
    <None Include="shader.vs.glsl">
      <Filter>Resource Files</Filter>
    </None>
    <None Include="shaderMaterial.fs.glsl">
      <Filter>Resource Files</Filter>
    </None>
    <None Include="shaderMaterial.vs.glsl">
      <Filter>Resource Files</Filter>
    </None>
    <None Include="pics\tartinilogo.png">
      <Filter>Resource Files</Filter>
    </None>
  </ItemGroup>
  <ItemGroup>
    <None Include="INSTALL.txt">
      <Filter>Distribution Files</Filter>
    </None>
    <None Include="LICENSE.txt">
      <Filter>Distribution Files</Filter>
    </None>
    <None Include="README.txt">
      <Filter>Distribution Files</Filter>
    </None>
    <None Include="pics\autofollow32x32.xpm">
      <Filter>Distribution Files</Filter>
    </None>
    <None Include="pics\background.xpm">
      <Filter>Distribution Files</Filter>
    </None>
    <None Include="widgets\base\baseview.cpp">
      <Filter>Distribution Files</Filter>
    </None>
    <None Include="widgets\base\baseview.h">
      <Filter>Distribution Files</Filter>
    </None>
    <None Include="widgets\base\basewidget.cpp">
      <Filter>Distribution Files</Filter>
    </None>
    <None Include="widgets\base\basewidget.h">
      <Filter>Distribution Files</Filter>
    </None>
    <None Include="pics\beginning32x32.xpm">
      <Filter>Distribution Files</Filter>
    </None>
    <None Include="pics\chain_closed.xpm">
      <Filter>Distribution Files</Filter>
    </None>
    <None Include="pics\chain_open.xpm">
      <Filter>Distribution Files</Filter>
    </None>
    <None Include="pics\close32x32.xpm">
      <Filter>Distribution Files</Filter>
    </None>
    <None Include="pics\end32x32.xpm">
      <Filter>Distribution Files</Filter>
    </None>
    <None Include="pics\fastforward32x32.xpm">
      <Filter>Distribution Files</Filter>
    </None>
    <None Include="gomacx">
      <Filter>Distribution Files</Filter>
    </None>
    <None Include="gowindows.bat">
      <Filter>Distribution Files</Filter>
    </None>
    <None Include="pics\open.xpm">
      <Filter>Distribution Files</Filter>
    </None>
    <None Include="pics\play32x32.xpm">
      <Filter>Distribution Files</Filter>
    </None>
    <None Include="pics\playrecord32x32.xpm">
      <Filter>Distribution Files</Filter>
    </None>
    <None Include="pics\record32x32.xpm">
      <Filter>Distribution Files</Filter>
    </None>
    <None Include="pics\rewind32x32.xpm">
      <Filter>Distribution Files</Filter>
    </None>
    <None Include="pics\save32x32.xpm">
      <Filter>Distribution Files</Filter>
    </None>
    <None Include="pics\shadingoff32x32.xpm">
      <Filter>Distribution Files</Filter>
    </None>
    <None Include="pics\shadingon32x32.xpm">
      <Filter>Distribution Files</Filter>
    </None>
    <None Include="pics\stop32x32.xpm">
      <Filter>Distribution Files</Filter>
    </None>
    <None Include="pics\tartinilogo.jpg">
      <Filter>Distribution Files</Filter>
    </None>
    <None Include="pics\zoomx.xpm">
      <Filter>Distribution Files</Filter>
    </None>
    <None Include="pics\zoomxout.xpm">
      <Filter>Distribution Files</Filter>
    </None>
    <None Include="pics\zoomy.xpm">
      <Filter>Distribution Files</Filter>
    </None>
    <None Include="pics\zoomyout.xpm">
      <Filter>Distribution Files</Filter>
    </None>
  </ItemGroup>
  <ItemGroup>
    <ResourceCompile Include="D:\Users\dws\src\Tartini\tartini1.3.0\tartini_resource.rc" />
  </ItemGroup>
</Project>