Microsoft Visual Studio Solution File, Format Version 12.00
# Visual Studio Version 16
Project("{8BC9CEB8-8B4A-11D0-8D11-00A0C91BC942}") = "animation", "D:/Users/dws/src/Tartini/tartini1.3.0/Extra/qwt-6.2.0/examples/animation\animation.vcxproj", "{2AED020F-12BE-3CF6-BE72-5EDAF4FABA2A}"
EndProject
Project("{8BC9CEB8-8B4A-11D0-8D11-00A0C91BC942}") = "barchart", "D:/Users/dws/src/Tartini/tartini1.3.0/Extra/qwt-6.2.0/examples/barchart\barchart.vcxproj", "{C4B313F1-E99D-3C89-B52A-0551BA90C6C7}"
EndProject
Project("{8BC9CEB8-8B4A-11D0-8D11-00A0C91BC942}") = "cpuplot", "D:/Users/dws/src/Tartini/tartini1.3.0/Extra/qwt-6.2.0/examples/cpuplot\cpuplot.vcxproj", "{D0BA7DEE-6761-37F4-A16A-7D96475F8917}"
EndProject
Project("{8BC9CEB8-8B4A-11D0-8D11-00A0C91BC942}") = "curvedemo", "D:/Users/dws/src/Tartini/tartini1.3.0/Extra/qwt-6.2.0/examples/curvedemo\curvedemo.vcxproj", "{CBB73A74-A07E-31D1-8899-A4BAED073A6D}"
EndProject
Project("{8BC9CEB8-8B4A-11D0-8D11-00A0C91BC942}") = "distrowatch", "D:/Users/dws/src/Tartini/tartini1.3.0/Extra/qwt-6.2.0/examples/distrowatch\distrowatch.vcxproj", "{17237FA1-F4E2-3CAE-863D-AE4F35B91F33}"
EndProject
Project("{8BC9CEB8-8B4A-11D0-8D11-00A0C91BC942}") = "friedberg", "D:/Users/dws/src/Tartini/tartini1.3.0/Extra/qwt-6.2.0/examples/friedberg\friedberg.vcxproj", "{EF4F227F-9553-329F-B6BA-581843E113B1}"
EndProject
Project("{8BC9CEB8-8B4A-11D0-8D11-00A0C91BC942}") = "itemeditor", "D:/Users/dws/src/Tartini/tartini1.3.0/Extra/qwt-6.2.0/examples/itemeditor\itemeditor.vcxproj", "{771F624E-CFF7-3496-A31E-EE62E3884EE6}"
EndProject
Project("{8BC9CEB8-8B4A-11D0-8D11-00A0C91BC942}") = "legends", "D:/Users/dws/src/Tartini/tartini1.3.0/Extra/qwt-6.2.0/examples/legends\legends.vcxproj", "{63D8FC2E-0794-3C5D-92A6-134C6BD97332}"
EndProject
Project("{8BC9CEB8-8B4A-11D0-8D11-00A0C91BC942}") = "stockchart", "D:/Users/dws/src/Tartini/tartini1.3.0/Extra/qwt-6.2.0/examples/stockchart\stockchart.vcxproj", "{D486FA59-7C42-3EEC-9742-F0840989EC87}"
EndProject
Project("{8BC9CEB8-8B4A-11D0-8D11-00A0C91BC942}") = "simpleplot", "D:/Users/dws/src/Tartini/tartini1.3.0/Extra/qwt-6.2.0/examples/simpleplot\simpleplot.vcxproj", "{3A36766A-4247-3521-A19B-79F291A8D1BA}"
EndProject
Project("{8BC9CEB8-8B4A-11D0-8D11-00A0C91BC942}") = "sinusplot", "D:/Users/dws/src/Tartini/tartini1.3.0/Extra/qwt-6.2.0/examples/sinusplot\sinusplot.vcxproj", "{16523D17-3811-3843-BE44-42EB199BE2B9}"
EndProject
Project("{8BC9CEB8-8B4A-11D0-8D11-00A0C91BC942}") = "realtime", "D:/Users/dws/src/Tartini/tartini1.3.0/Extra/qwt-6.2.0/examples/realtime\realtime.vcxproj", "{711D0F8E-7C94-3E0F-9F90-D40A39DD6E96}"
EndProject
Project("{8BC9CEB8-8B4A-11D0-8D11-00A0C91BC942}") = "refreshtest", "D:/Users/dws/src/Tartini/tartini1.3.0/Extra/qwt-6.2.0/examples/refreshtest\refreshtest.vcxproj", "{ACB3C3F9-B2C1-38B9-9B55-8B7092514A8B}"
EndProject
Project("{8BC9CEB8-8B4A-11D0-8D11-00A0C91BC942}") = "scatterplot", "D:/Users/dws/src/Tartini/tartini1.3.0/Extra/qwt-6.2.0/examples/scatterplot\scatterplot.vcxproj", "{FDEB9528-23C2-3D1A-9A95-E5D49BB2771E}"
EndProject
Project("{8BC9CEB8-8B4A-11D0-8D11-00A0C91BC942}") = "spectrogram", "D:/Users/dws/src/Tartini/tartini1.3.0/Extra/qwt-6.2.0/examples/spectrogram\spectrogram.vcxproj", "{EAB33606-958E-3315-9159-98093C0EE7E9}"
EndProject
Project("{8BC9CEB8-8B4A-11D0-8D11-00A0C91BC942}") = "rasterview", "D:/Users/dws/src/Tartini/tartini1.3.0/Extra/qwt-6.2.0/examples/rasterview\rasterview.vcxproj", "{C6D47230-0BCC-3392-B0BD-9552928F2169}"
EndProject
Project("{8BC9CEB8-8B4A-11D0-8D11-00A0C91BC942}") = "tvplot", "D:/Users/dws/src/Tartini/tartini1.3.0/Extra/qwt-6.2.0/examples/tvplot\tvplot.vcxproj", "{8CF9EB24-F2DF-31DF-8E0A-872C334DD874}"
EndProject
Project("{8BC9CEB8-8B4A-11D0-8D11-00A0C91BC942}") = "bode", "D:/Users/dws/src/Tartini/tartini1.3.0/Extra/qwt-6.2.0/examples/bode\bode.vcxproj", "{4DEBC52C-FAD5-3EAD-8C1A-7F474CC10875}"
EndProject
Project("{8BC9CEB8-8B4A-11D0-8D11-00A0C91BC942}") = "splineeditor", "D:/Users/dws/src/Tartini/tartini1.3.0/Extra/qwt-6.2.0/examples/splineeditor\splineeditor.vcxproj", "{8865D969-87CE-3714-B4B4-14E62124D4BA}"
EndProject
Project("{8BC9CEB8-8B4A-11D0-8D11-00A0C91BC942}") = "oscilloscope", "D:/Users/dws/src/Tartini/tartini1.3.0/Extra/qwt-6.2.0/examples/oscilloscope\oscilloscope.vcxproj", "{8B6F1E45-71E9-30C0-953A-D0ACF387F6BB}"
EndProject
Project("{8BC9CEB8-8B4A-11D0-8D11-00A0C91BC942}") = "polardemo", "D:/Users/dws/src/Tartini/tartini1.3.0/Extra/qwt-6.2.0/examples/polardemo\polardemo.vcxproj", "{EACBEB3C-F241-3DF9-9326-535419A81195}"
EndProject
Project("{8BC9CEB8-8B4A-11D0-8D11-00A0C91BC942}") = "polarspectrogram", "D:/Users/dws/src/Tartini/tartini1.3.0/Extra/qwt-6.2.0/examples/polarspectrogram\polarspectrogram.vcxproj", "{BEB3A4E9-3D18-34A5-8A41-9AEB3D1D3B10}"
EndProject
Project("{8BC9CEB8-8B4A-11D0-8D11-00A0C91BC942}") = "sysinfo", "D:/Users/dws/src/Tartini/tartini1.3.0/Extra/qwt-6.2.0/examples/sysinfo\sysinfo.vcxproj", "{25A0A935-F5BB-3310-BA97-8101D581B67A}"
EndProject
Project("{8BC9CEB8-8B4A-11D0-8D11-00A0C91BC942}") = "radio", "D:/Users/dws/src/Tartini/tartini1.3.0/Extra/qwt-6.2.0/examples/radio\radio.vcxproj", "{35FB3B38-68BF-38D0-A226-30F5A17FDB6C}"
EndProject
Project("{8BC9CEB8-8B4A-11D0-8D11-00A0C91BC942}") = "dials", "D:/Users/dws/src/Tartini/tartini1.3.0/Extra/qwt-6.2.0/examples/dials\dials.vcxproj", "{CA568A3B-735D-329D-9406-AF187C2FA7A8}"
EndProject
Project("{8BC9CEB8-8B4A-11D0-8D11-00A0C91BC942}") = "controls", "D:/Users/dws/src/Tartini/tartini1.3.0/Extra/qwt-6.2.0/examples/controls\controls.vcxproj", "{616E95B7-EFDE-36B4-B4DB-3B0F4FCBAB37}"
EndProject
Global
	GlobalSection(SolutionConfigurationPlatforms) = preSolution
		Debug|x64 = Debug|x64
		Release|x64 = Release|x64
	EndGlobalSection
	GlobalSection(ProjectConfigurationPlatforms) = postSolution
		{2AED020F-12BE-3CF6-BE72-5EDAF4FABA2A}.Debug|x64.ActiveCfg = Debug|x64
		{2AED020F-12BE-3CF6-BE72-5EDAF4FABA2A}.Debug|x64.Build.0 = Debug|x64
		{2AED020F-12BE-3CF6-BE72-5EDAF4FABA2A}.Release|x64.ActiveCfg = Release|x64
		{2AED020F-12BE-3CF6-BE72-5EDAF4FABA2A}.Release|x64.Build.0 = Release|x64
		{C4B313F1-E99D-3C89-B52A-0551BA90C6C7}.Debug|x64.ActiveCfg = Debug|x64
		{C4B313F1-E99D-3C89-B52A-0551BA90C6C7}.Debug|x64.Build.0 = Debug|x64
		{C4B313F1-E99D-3C89-B52A-0551BA90C6C7}.Release|x64.ActiveCfg = Release|x64
		{C4B313F1-E99D-3C89-B52A-0551BA90C6C7}.Release|x64.Build.0 = Release|x64
		{D0BA7DEE-6761-37F4-A16A-7D96475F8917}.Debug|x64.ActiveCfg = Debug|x64
		{D0BA7DEE-6761-37F4-A16A-7D96475F8917}.Debug|x64.Build.0 = Debug|x64
		{D0BA7DEE-6761-37F4-A16A-7D96475F8917}.Release|x64.ActiveCfg = Release|x64
		{D0BA7DEE-6761-37F4-A16A-7D96475F8917}.Release|x64.Build.0 = Release|x64
		{CBB73A74-A07E-31D1-8899-A4BAED073A6D}.Debug|x64.ActiveCfg = Debug|x64
		{CBB73A74-A07E-31D1-8899-A4BAED073A6D}.Debug|x64.Build.0 = Debug|x64
		{CBB73A74-A07E-31D1-8899-A4BAED073A6D}.Release|x64.ActiveCfg = Release|x64
		{CBB73A74-A07E-31D1-8899-A4BAED073A6D}.Release|x64.Build.0 = Release|x64
		{17237FA1-F4E2-3CAE-863D-AE4F35B91F33}.Debug|x64.ActiveCfg = Debug|x64
		{17237FA1-F4E2-3CAE-863D-AE4F35B91F33}.Debug|x64.Build.0 = Debug|x64
		{17237FA1-F4E2-3CAE-863D-AE4F35B91F33}.Release|x64.ActiveCfg = Release|x64
		{17237FA1-F4E2-3CAE-863D-AE4F35B91F33}.Release|x64.Build.0 = Release|x64
		{EF4F227F-9553-329F-B6BA-581843E113B1}.Debug|x64.ActiveCfg = Debug|x64
		{EF4F227F-9553-329F-B6BA-581843E113B1}.Debug|x64.Build.0 = Debug|x64
		{EF4F227F-9553-329F-B6BA-581843E113B1}.Release|x64.ActiveCfg = Release|x64
		{EF4F227F-9553-329F-B6BA-581843E113B1}.Release|x64.Build.0 = Release|x64
		{771F624E-CFF7-3496-A31E-EE62E3884EE6}.Debug|x64.ActiveCfg = Debug|x64
		{771F624E-CFF7-3496-A31E-EE62E3884EE6}.Debug|x64.Build.0 = Debug|x64
		{771F624E-CFF7-3496-A31E-EE62E3884EE6}.Release|x64.ActiveCfg = Release|x64
		{771F624E-CFF7-3496-A31E-EE62E3884EE6}.Release|x64.Build.0 = Release|x64
		{63D8FC2E-0794-3C5D-92A6-134C6BD97332}.Debug|x64.ActiveCfg = Debug|x64
		{63D8FC2E-0794-3C5D-92A6-134C6BD97332}.Debug|x64.Build.0 = Debug|x64
		{63D8FC2E-0794-3C5D-92A6-134C6BD97332}.Release|x64.ActiveCfg = Release|x64
		{63D8FC2E-0794-3C5D-92A6-134C6BD97332}.Release|x64.Build.0 = Release|x64
		{D486FA59-7C42-3EEC-9742-F0840989EC87}.Debug|x64.ActiveCfg = Debug|x64
		{D486FA59-7C42-3EEC-9742-F0840989EC87}.Debug|x64.Build.0 = Debug|x64
		{D486FA59-7C42-3EEC-9742-F0840989EC87}.Release|x64.ActiveCfg = Release|x64
		{D486FA59-7C42-3EEC-9742-F0840989EC87}.Release|x64.Build.0 = Release|x64
		{3A36766A-4247-3521-A19B-79F291A8D1BA}.Debug|x64.ActiveCfg = Debug|x64
		{3A36766A-4247-3521-A19B-79F291A8D1BA}.Debug|x64.Build.0 = Debug|x64
		{3A36766A-4247-3521-A19B-79F291A8D1BA}.Release|x64.ActiveCfg = Release|x64
		{3A36766A-4247-3521-A19B-79F291A8D1BA}.Release|x64.Build.0 = Release|x64
		{16523D17-3811-3843-BE44-42EB199BE2B9}.Debug|x64.ActiveCfg = Debug|x64
		{16523D17-3811-3843-BE44-42EB199BE2B9}.Debug|x64.Build.0 = Debug|x64
		{16523D17-3811-3843-BE44-42EB199BE2B9}.Release|x64.ActiveCfg = Release|x64
		{16523D17-3811-3843-BE44-42EB199BE2B9}.Release|x64.Build.0 = Release|x64
		{711D0F8E-7C94-3E0F-9F90-D40A39DD6E96}.Debug|x64.ActiveCfg = Debug|x64
		{711D0F8E-7C94-3E0F-9F90-D40A39DD6E96}.Debug|x64.Build.0 = Debug|x64
		{711D0F8E-7C94-3E0F-9F90-D40A39DD6E96}.Release|x64.ActiveCfg = Release|x64
		{711D0F8E-7C94-3E0F-9F90-D40A39DD6E96}.Release|x64.Build.0 = Release|x64
		{ACB3C3F9-B2C1-38B9-9B55-8B7092514A8B}.Debug|x64.ActiveCfg = Debug|x64
		{ACB3C3F9-B2C1-38B9-9B55-8B7092514A8B}.Debug|x64.Build.0 = Debug|x64
		{ACB3C3F9-B2C1-38B9-9B55-8B7092514A8B}.Release|x64.ActiveCfg = Release|x64
		{ACB3C3F9-B2C1-38B9-9B55-8B7092514A8B}.Release|x64.Build.0 = Release|x64
		{FDEB9528-23C2-3D1A-9A95-E5D49BB2771E}.Debug|x64.ActiveCfg = Debug|x64
		{FDEB9528-23C2-3D1A-9A95-E5D49BB2771E}.Debug|x64.Build.0 = Debug|x64
		{FDEB9528-23C2-3D1A-9A95-E5D49BB2771E}.Release|x64.ActiveCfg = Release|x64
		{FDEB9528-23C2-3D1A-9A95-E5D49BB2771E}.Release|x64.Build.0 = Release|x64
		{EAB33606-958E-3315-9159-98093C0EE7E9}.Debug|x64.ActiveCfg = Debug|x64
		{EAB33606-958E-3315-9159-98093C0EE7E9}.Debug|x64.Build.0 = Debug|x64
		{EAB33606-958E-3315-9159-98093C0EE7E9}.Release|x64.ActiveCfg = Release|x64
		{EAB33606-958E-3315-9159-98093C0EE7E9}.Release|x64.Build.0 = Release|x64
		{C6D47230-0BCC-3392-B0BD-9552928F2169}.Debug|x64.ActiveCfg = Debug|x64
		{C6D47230-0BCC-3392-B0BD-9552928F2169}.Debug|x64.Build.0 = Debug|x64
		{C6D47230-0BCC-3392-B0BD-9552928F2169}.Release|x64.ActiveCfg = Release|x64
		{C6D47230-0BCC-3392-B0BD-9552928F2169}.Release|x64.Build.0 = Release|x64
		{8CF9EB24-F2DF-31DF-8E0A-872C334DD874}.Debug|x64.ActiveCfg = Debug|x64
		{8CF9EB24-F2DF-31DF-8E0A-872C334DD874}.Debug|x64.Build.0 = Debug|x64
		{8CF9EB24-F2DF-31DF-8E0A-872C334DD874}.Release|x64.ActiveCfg = Release|x64
		{8CF9EB24-F2DF-31DF-8E0A-872C334DD874}.Release|x64.Build.0 = Release|x64
		{4DEBC52C-FAD5-3EAD-8C1A-7F474CC10875}.Debug|x64.ActiveCfg = Debug|x64
		{4DEBC52C-FAD5-3EAD-8C1A-7F474CC10875}.Debug|x64.Build.0 = Debug|x64
		{4DEBC52C-FAD5-3EAD-8C1A-7F474CC10875}.Release|x64.ActiveCfg = Release|x64
		{4DEBC52C-FAD5-3EAD-8C1A-7F474CC10875}.Release|x64.Build.0 = Release|x64
		{8865D969-87CE-3714-B4B4-14E62124D4BA}.Debug|x64.ActiveCfg = Debug|x64
		{8865D969-87CE-3714-B4B4-14E62124D4BA}.Debug|x64.Build.0 = Debug|x64
		{8865D969-87CE-3714-B4B4-14E62124D4BA}.Release|x64.ActiveCfg = Release|x64
		{8865D969-87CE-3714-B4B4-14E62124D4BA}.Release|x64.Build.0 = Release|x64
		{8B6F1E45-71E9-30C0-953A-D0ACF387F6BB}.Debug|x64.ActiveCfg = Debug|x64
		{8B6F1E45-71E9-30C0-953A-D0ACF387F6BB}.Debug|x64.Build.0 = Debug|x64
		{8B6F1E45-71E9-30C0-953A-D0ACF387F6BB}.Release|x64.ActiveCfg = Release|x64
		{8B6F1E45-71E9-30C0-953A-D0ACF387F6BB}.Release|x64.Build.0 = Release|x64
		{EACBEB3C-F241-3DF9-9326-535419A81195}.Debug|x64.ActiveCfg = Debug|x64
		{EACBEB3C-F241-3DF9-9326-535419A81195}.Debug|x64.Build.0 = Debug|x64
		{EACBEB3C-F241-3DF9-9326-535419A81195}.Release|x64.ActiveCfg = Release|x64
		{EACBEB3C-F241-3DF9-9326-535419A81195}.Release|x64.Build.0 = Release|x64
		{BEB3A4E9-3D18-34A5-8A41-9AEB3D1D3B10}.Debug|x64.ActiveCfg = Debug|x64
		{BEB3A4E9-3D18-34A5-8A41-9AEB3D1D3B10}.Debug|x64.Build.0 = Debug|x64
		{BEB3A4E9-3D18-34A5-8A41-9AEB3D1D3B10}.Release|x64.ActiveCfg = Release|x64
		{BEB3A4E9-3D18-34A5-8A41-9AEB3D1D3B10}.Release|x64.Build.0 = Release|x64
		{25A0A935-F5BB-3310-BA97-8101D581B67A}.Debug|x64.ActiveCfg = Debug|x64
		{25A0A935-F5BB-3310-BA97-8101D581B67A}.Debug|x64.Build.0 = Debug|x64
		{25A0A935-F5BB-3310-BA97-8101D581B67A}.Release|x64.ActiveCfg = Release|x64
		{25A0A935-F5BB-3310-BA97-8101D581B67A}.Release|x64.Build.0 = Release|x64
		{35FB3B38-68BF-38D0-A226-30F5A17FDB6C}.Debug|x64.ActiveCfg = Debug|x64
		{35FB3B38-68BF-38D0-A226-30F5A17FDB6C}.Debug|x64.Build.0 = Debug|x64
		{35FB3B38-68BF-38D0-A226-30F5A17FDB6C}.Release|x64.ActiveCfg = Release|x64
		{35FB3B38-68BF-38D0-A226-30F5A17FDB6C}.Release|x64.Build.0 = Release|x64
		{CA568A3B-735D-329D-9406-AF187C2FA7A8}.Debug|x64.ActiveCfg = Debug|x64
		{CA568A3B-735D-329D-9406-AF187C2FA7A8}.Debug|x64.Build.0 = Debug|x64
		{CA568A3B-735D-329D-9406-AF187C2FA7A8}.Release|x64.ActiveCfg = Release|x64
		{CA568A3B-735D-329D-9406-AF187C2FA7A8}.Release|x64.Build.0 = Release|x64
		{616E95B7-EFDE-36B4-B4DB-3B0F4FCBAB37}.Debug|x64.ActiveCfg = Debug|x64
		{616E95B7-EFDE-36B4-B4DB-3B0F4FCBAB37}.Debug|x64.Build.0 = Debug|x64
		{616E95B7-EFDE-36B4-B4DB-3B0F4FCBAB37}.Release|x64.ActiveCfg = Release|x64
		{616E95B7-EFDE-36B4-B4DB-3B0F4FCBAB37}.Release|x64.Build.0 = Release|x64
	EndGlobalSection
	GlobalSection(ExtensibilityGlobals) = postSolution
	EndGlobalSection
	GlobalSection(ExtensibilityAddIns) = postSolution
	EndGlobalSection
EndGlobal