Microsoft Visual Studio Solution File, Format Version 12.00
# Visual Studio Version 16
Project("{8BC9CEB8-8B4A-11D0-8D11-00A0C91BC942}") = "plotmatrix", "D:/Users/dws/src/Tartini/tartini1.3.0/Extra/qwt-6.2.0/playground/plotmatrix\plotmatrix.vcxproj", "{3FDF98A9-1A5D-3CF7-AF5E-91D416204861}"
EndProject
Project("{8BC9CEB8-8B4A-11D0-8D11-00A0C91BC942}") = "timescale", "D:/Users/dws/src/Tartini/tartini1.3.0/Extra/qwt-6.2.0/playground/timescale\timescale.vcxproj", "{F88DFB5A-9912-3F54-9844-E7A314553CCE}"
EndProject
Project("{8BC9CEB8-8B4A-11D0-8D11-00A0C91BC942}") = "scaleengine", "D:/Users/dws/src/Tartini/tartini1.3.0/Extra/qwt-6.2.0/playground/scaleengine\scaleengine.vcxproj", "{BA9E58C8-5709-3949-8EBF-00B53291F7E5}"
EndProject
Project("{8BC9CEB8-8B4A-11D0-8D11-00A0C91BC942}") = "rescaler", "D:/Users/dws/src/Tartini/tartini1.3.0/Extra/qwt-6.2.0/playground/rescaler\rescaler.vcxproj", "{AD32FFC9-1384-381F-AC7A-0D409249F086}"
EndProject
Project("{8BC9CEB8-8B4A-11D0-8D11-00A0C91BC942}") = "shapes", "D:/Users/dws/src/Tartini/tartini1.3.0/Extra/qwt-6.2.0/playground/shapes\shapes.vcxproj", "{6CFF78BF-2380-3DA0-BF9E-D2194ABE3FAA}"
EndProject
Project("{8BC9CEB8-8B4A-11D0-8D11-00A0C91BC942}") = "curvetracker", "D:/Users/dws/src/Tartini/tartini1.3.0/Extra/qwt-6.2.0/playground/curvetracker\curvetracker.vcxproj", "{62AB6F6B-8705-3065-B12E-DC47360BD407}"
EndProject
Project("{8BC9CEB8-8B4A-11D0-8D11-00A0C91BC942}") = "vectorfield", "D:/Users/dws/src/Tartini/tartini1.3.0/Extra/qwt-6.2.0/playground/vectorfield\vectorfield.vcxproj", "{11C0AB9D-64BD-369E-A1AD-FDDDE0BB2578}"
EndProject
Project("{8BC9CEB8-8B4A-11D0-8D11-00A0C91BC942}") = "symbols", "D:/Users/dws/src/Tartini/tartini1.3.0/Extra/qwt-6.2.0/playground/symbols\symbols.vcxproj", "{2CB5B90B-5B5D-3D21-BAD0-D60E0F0EEAF4}"
EndProject
Project("{8BC9CEB8-8B4A-11D0-8D11-00A0C91BC942}") = "svgmap", "D:/Users/dws/src/Tartini/tartini1.3.0/Extra/qwt-6.2.0/playground/svgmap\svgmap.vcxproj", "{ABA10BDB-83F7-3618-8165-5013EB84245D}"
EndProject
Project("{8BC9CEB8-8B4A-11D0-8D11-00A0C91BC942}") = "graphicscale", "D:/Users/dws/src/Tartini/tartini1.3.0/Extra/qwt-6.2.0/playground/graphicscale\graphicscale.vcxproj", "{68A70A8A-51B5-3FFC-8134-3FA99C3FB736}"
EndProject
Global
	GlobalSection(SolutionConfigurationPlatforms) = preSolution
		Debug|x64 = Debug|x64
		Release|x64 = Release|x64
	EndGlobalSection
	GlobalSection(ProjectConfigurationPlatforms) = postSolution
		{3FDF98A9-1A5D-3CF7-AF5E-91D416204861}.Debug|x64.ActiveCfg = Debug|x64
		{3FDF98A9-1A5D-3CF7-AF5E-91D416204861}.Debug|x64.Build.0 = Debug|x64
		{3FDF98A9-1A5D-3CF7-AF5E-91D416204861}.Release|x64.ActiveCfg = Release|x64
		{3FDF98A9-1A5D-3CF7-AF5E-91D416204861}.Release|x64.Build.0 = Release|x64
		{F88DFB5A-9912-3F54-9844-E7A314553CCE}.Debug|x64.ActiveCfg = Debug|x64
		{F88DFB5A-9912-3F54-9844-E7A314553CCE}.Debug|x64.Build.0 = Debug|x64
		{F88DFB5A-9912-3F54-9844-E7A314553CCE}.Release|x64.ActiveCfg = Release|x64
		{F88DFB5A-9912-3F54-9844-E7A314553CCE}.Release|x64.Build.0 = Release|x64
		{BA9E58C8-5709-3949-8EBF-00B53291F7E5}.Debug|x64.ActiveCfg = Debug|x64
		{BA9E58C8-5709-3949-8EBF-00B53291F7E5}.Debug|x64.Build.0 = Debug|x64
		{BA9E58C8-5709-3949-8EBF-00B53291F7E5}.Release|x64.ActiveCfg = Release|x64
		{BA9E58C8-5709-3949-8EBF-00B53291F7E5}.Release|x64.Build.0 = Release|x64
		{AD32FFC9-1384-381F-AC7A-0D409249F086}.Debug|x64.ActiveCfg = Debug|x64
		{AD32FFC9-1384-381F-AC7A-0D409249F086}.Debug|x64.Build.0 = Debug|x64
		{AD32FFC9-1384-381F-AC7A-0D409249F086}.Release|x64.ActiveCfg = Release|x64
		{AD32FFC9-1384-381F-AC7A-0D409249F086}.Release|x64.Build.0 = Release|x64
		{6CFF78BF-2380-3DA0-BF9E-D2194ABE3FAA}.Debug|x64.ActiveCfg = Debug|x64
		{6CFF78BF-2380-3DA0-BF9E-D2194ABE3FAA}.Debug|x64.Build.0 = Debug|x64
		{6CFF78BF-2380-3DA0-BF9E-D2194ABE3FAA}.Release|x64.ActiveCfg = Release|x64
		{6CFF78BF-2380-3DA0-BF9E-D2194ABE3FAA}.Release|x64.Build.0 = Release|x64
		{62AB6F6B-8705-3065-B12E-DC47360BD407}.Debug|x64.ActiveCfg = Debug|x64
		{62AB6F6B-8705-3065-B12E-DC47360BD407}.Debug|x64.Build.0 = Debug|x64
		{62AB6F6B-8705-3065-B12E-DC47360BD407}.Release|x64.ActiveCfg = Release|x64
		{62AB6F6B-8705-3065-B12E-DC47360BD407}.Release|x64.Build.0 = Release|x64
		{11C0AB9D-64BD-369E-A1AD-FDDDE0BB2578}.Debug|x64.ActiveCfg = Debug|x64
		{11C0AB9D-64BD-369E-A1AD-FDDDE0BB2578}.Debug|x64.Build.0 = Debug|x64
		{11C0AB9D-64BD-369E-A1AD-FDDDE0BB2578}.Release|x64.ActiveCfg = Release|x64
		{11C0AB9D-64BD-369E-A1AD-FDDDE0BB2578}.Release|x64.Build.0 = Release|x64
		{2CB5B90B-5B5D-3D21-BAD0-D60E0F0EEAF4}.Debug|x64.ActiveCfg = Debug|x64
		{2CB5B90B-5B5D-3D21-BAD0-D60E0F0EEAF4}.Debug|x64.Build.0 = Debug|x64
		{2CB5B90B-5B5D-3D21-BAD0-D60E0F0EEAF4}.Release|x64.ActiveCfg = Release|x64
		{2CB5B90B-5B5D-3D21-BAD0-D60E0F0EEAF4}.Release|x64.Build.0 = Release|x64
		{ABA10BDB-83F7-3618-8165-5013EB84245D}.Debug|x64.ActiveCfg = Debug|x64
		{ABA10BDB-83F7-3618-8165-5013EB84245D}.Debug|x64.Build.0 = Debug|x64
		{ABA10BDB-83F7-3618-8165-5013EB84245D}.Release|x64.ActiveCfg = Release|x64
		{ABA10BDB-83F7-3618-8165-5013EB84245D}.Release|x64.Build.0 = Release|x64
		{68A70A8A-51B5-3FFC-8134-3FA99C3FB736}.Debug|x64.ActiveCfg = Debug|x64
		{68A70A8A-51B5-3FFC-8134-3FA99C3FB736}.Debug|x64.Build.0 = Debug|x64
		{68A70A8A-51B5-3FFC-8134-3FA99C3FB736}.Release|x64.ActiveCfg = Release|x64
		{68A70A8A-51B5-3FFC-8134-3FA99C3FB736}.Release|x64.Build.0 = Release|x64
	EndGlobalSection
	GlobalSection(ExtensibilityGlobals) = postSolution
	EndGlobalSection
	GlobalSection(ExtensibilityAddIns) = postSolution
	EndGlobalSection
EndGlobal